// !$*UTF8*$!
{
	archiveVersion = 1;
	classes = {
	};
	objectVersion = 77;
	objects = {

/* Begin PBXBuildFile section */
		0269E609BDE71271BE8C521C /* ContentView.swift in Sources */ = {isa = PBXBuildFile; fileRef = 98A14ADF0EA10E6F934744CD /* ContentView.swift */; };
		0EF0A95997E9CE75A7949321 /* DistanceFromHomeService.swift in Sources */ = {isa = PBXBuildFile; fileRef = D6794F481C8A3C91DA23E4C6 /* DistanceFromHomeService.swift */; };
		0F6DC563E216E3413E5AD5CD /* RealDistanceFromHomeService.swift in Sources */ = {isa = PBXBuildFile; fileRef = C18B1DF1F20235C571772A86 /* RealDistanceFromHomeService.swift */; };
		148C001E866CBDCAEDA7DE39 /* SOSScreen.swift in Sources */ = {isa = PBXBuildFile; fileRef = 98942B950FCF88E1905EF6D9 /* SOSScreen.swift */; };
		485E3C039C96D9471018D1CF /* SOSSpyApp.swift in Sources */ = {isa = PBXBuildFile; fileRef = 6191DBE42312E7484CD755CA /* SOSSpyApp.swift */; };
		622B8940FF258E5EC074672E /* RealEVRoutingService.swift in Sources */ = {isa = PBXBuildFile; fileRef = 467C60F7F3CCB9B793DD6BC7 /* RealEVRoutingService.swift */; };
		9B4FA0A2A78954D17FC1302D /* BatterySOSDetector.swift in Sources */ = {isa = PBXBuildFile; fileRef = EBBE26B77E5D4D1C90B741D9 /* BatterySOSDetector.swift */; };
		9E5E93C03B62606B23234998 /* BatterySOSDetectorTests.swift in Sources */ = {isa = PBXBuildFile; fileRef = 939C969A782A73D1E4B6C906 /* BatterySOSDetectorTests.swift */; };
		D63549CCC9F467CE782CA123 /* MockDistanceFromHomeService.swift in Sources */ = {isa = PBXBuildFile; fileRef = 7DDF24C1A2A21EB00860DA7C /* MockDistanceFromHomeService.swift */; };
		EC0C1AD290D003BC78E65B44 /* MockEVRoutingService.swift in Sources */ = {isa = PBXBuildFile; fileRef = 7BF5151459D1DCC69C19BBC1 /* MockEVRoutingService.swift */; };
		F17B4A3B3B08E318FFD31460 /* SOSViewModel.swift in Sources */ = {isa = PBXBuildFile; fileRef = 0B825C55DC5C83AE82CDE725 /* SOSViewModel.swift */; };
		FCC2A91C309690D37BD0F3B3 /* EVRoutingService.swift in Sources */ = {isa = PBXBuildFile; fileRef = 05EC5798675BC7A77AEFF779 /* EVRoutingService.swift */; };
		FE31E0A2AEFDF579B109B6E8 /* Assets.xcassets in Resources */ = {isa = PBXBuildFile; fileRef = 9CF4091F4406DD8C2F30F79C /* Assets.xcassets */; };
/* End PBXBuildFile section */

/* Begin PBXContainerItemProxy section */
		051DE1515771B57976F47D41 /* PBXContainerItemProxy */ = {
			isa = PBXContainerItemProxy;
			containerPortal = 8586C92C6206D6B426B5CC2C /* Project object */;
			proxyType = 1;
			remoteGlobalIDString = 128457036F3BC6EB2F153389;
			remoteInfo = SOSSpy;
		};
/* End PBXContainerItemProxy section */

/* Begin PBXFileReference section */
		05EC5798675BC7A77AEFF779 /* EVRoutingService.swift */ = {isa = PBXFileReference; lastKnownFileType = sourcecode.swift; path = EVRoutingService.swift; sourceTree = "<group>"; };
		0B825C55DC5C83AE82CDE725 /* SOSViewModel.swift */ = {isa = PBXFileReference; lastKnownFileType = sourcecode.swift; path = SOSViewModel.swift; sourceTree = "<group>"; };
		1424EF2098BCA97E12BAB02A /* SOSSpy.entitlements */ = {isa = PBXFileReference; lastKnownFileType = text.plist.entitlements; path = SOSSpy.entitlements; sourceTree = "<group>"; };
		462D1C01E2E5FEBE0CADD5A4 /* SOSSpy.app */ = {isa = PBXFileReference; includeInIndex = 0; lastKnownFileType = wrapper.application; path = SOSSpy.app; sourceTree = BUILT_PRODUCTS_DIR; };
		467C60F7F3CCB9B793DD6BC7 /* RealEVRoutingService.swift */ = {isa = PBXFileReference; lastKnownFileType = sourcecode.swift; path = RealEVRoutingService.swift; sourceTree = "<group>"; };
		6191DBE42312E7484CD755CA /* SOSSpyApp.swift */ = {isa = PBXFileReference; lastKnownFileType = sourcecode.swift; path = SOSSpyApp.swift; sourceTree = "<group>"; };
		7BF5151459D1DCC69C19BBC1 /* MockEVRoutingService.swift */ = {isa = PBXFileReference; lastKnownFileType = sourcecode.swift; path = MockEVRoutingService.swift; sourceTree = "<group>"; };
		7DDF24C1A2A21EB00860DA7C /* MockDistanceFromHomeService.swift */ = {isa = PBXFileReference; lastKnownFileType = sourcecode.swift; path = MockDistanceFromHomeService.swift; sourceTree = "<group>"; };
		939C969A782A73D1E4B6C906 /* BatterySOSDetectorTests.swift */ = {isa = PBXFileReference; lastKnownFileType = sourcecode.swift; path = BatterySOSDetectorTests.swift; sourceTree = "<group>"; };
		98942B950FCF88E1905EF6D9 /* SOSScreen.swift */ = {isa = PBXFileReference; lastKnownFileType = sourcecode.swift; path = SOSScreen.swift; sourceTree = "<group>"; };
		98A14ADF0EA10E6F934744CD /* ContentView.swift */ = {isa = PBXFileReference; lastKnownFileType = sourcecode.swift; path = ContentView.swift; sourceTree = "<group>"; };
		9CF4091F4406DD8C2F30F79C /* Assets.xcassets */ = {isa = PBXFileReference; lastKnownFileType = folder.assetcatalog; path = Assets.xcassets; sourceTree = "<group>"; };
		C18B1DF1F20235C571772A86 /* RealDistanceFromHomeService.swift */ = {isa = PBXFileReference; lastKnownFileType = sourcecode.swift; path = RealDistanceFromHomeService.swift; sourceTree = "<group>"; };
		C97F472A6AC29DC647BCAEF4 /* SOSSpyTests.xctest */ = {isa = PBXFileReference; includeInIndex = 0; lastKnownFileType = wrapper.cfbundle; path = SOSSpyTests.xctest; sourceTree = BUILT_PRODUCTS_DIR; };
		D6794F481C8A3C91DA23E4C6 /* DistanceFromHomeService.swift */ = {isa = PBXFileReference; lastKnownFileType = sourcecode.swift; path = DistanceFromHomeService.swift; sourceTree = "<group>"; };
		EBBE26B77E5D4D1C90B741D9 /* BatterySOSDetector.swift */ = {isa = PBXFileReference; lastKnownFileType = sourcecode.swift; path = BatterySOSDetector.swift; sourceTree = "<group>"; };
/* End PBXFileReference section */

/* Begin PBXGroup section */
		0523717D3DFB14ACB45BA83D /* Products */ = {
			isa = PBXGroup;
			children = (
				462D1C01E2E5FEBE0CADD5A4 /* SOSSpy.app */,
				C97F472A6AC29DC647BCAEF4 /* SOSSpyTests.xctest */,
			);
			name = Products;
			sourceTree = "<group>";
		};
		348FD99C1B20293D0A0641D7 /* Distance */ = {
			isa = PBXGroup;
			children = (
				D6794F481C8A3C91DA23E4C6 /* DistanceFromHomeService.swift */,
				7DDF24C1A2A21EB00860DA7C /* MockDistanceFromHomeService.swift */,
				C18B1DF1F20235C571772A86 /* RealDistanceFromHomeService.swift */,
			);
			path = Distance;
			sourceTree = "<group>";
		};
		48793713CC8460AA197D2206 /* UI */ = {
			isa = PBXGroup;
			children = (
				586E78D2A983D245E30D6FEF /* Screens */,
				5ACC4F2259A039699E1911E4 /* ViewModels */,
			);
			path = UI;
			sourceTree = "<group>";
		};
		4899BFF2958FA21A81580AC7 /* Engine */ = {
			isa = PBXGroup;
			children = (
				939C969A782A73D1E4B6C906 /* BatterySOSDetectorTests.swift */,
			);
			path = Engine;
			sourceTree = "<group>";
		};
		56E317E1CDDC7B650BE534E8 /* Resources */ = {
			isa = PBXGroup;
			children = (
				9CF4091F4406DD8C2F30F79C /* Assets.xcassets */,
			);
			path = Resources;
			sourceTree = "<group>";
		};
		586E78D2A983D245E30D6FEF /* Screens */ = {
			isa = PBXGroup;
			children = (
				98942B950FCF88E1905EF6D9 /* SOSScreen.swift */,
			);
			path = Screens;
			sourceTree = "<group>";
		};
		5ACC4F2259A039699E1911E4 /* ViewModels */ = {
			isa = PBXGroup;
			children = (
				0B825C55DC5C83AE82CDE725 /* SOSViewModel.swift */,
			);
			path = ViewModels;
			sourceTree = "<group>";
		};
		770429A315CEF71EE49D8B06 /* SOSSpyTests */ = {
			isa = PBXGroup;
			children = (
				FF14EE1AA8F984A904DFAFD1 /* Core */,
			);
			path = SOSSpyTests;
			sourceTree = "<group>";
		};
		856C0DA92A173F78DA8E8155 /* EVRouting */ = {
			isa = PBXGroup;
			children = (
				05EC5798675BC7A77AEFF779 /* EVRoutingService.swift */,
				7BF5151459D1DCC69C19BBC1 /* MockEVRoutingService.swift */,
				467C60F7F3CCB9B793DD6BC7 /* RealEVRoutingService.swift */,
			);
			path = EVRouting;
			sourceTree = "<group>";
		};
		873DC4867719DFBE7541B2F1 /* Engine */ = {
			isa = PBXGroup;
			children = (
				EBBE26B77E5D4D1C90B741D9 /* BatterySOSDetector.swift */,
			);
			path = Engine;
			sourceTree = "<group>";
		};
		BF43DEB1F13053A35A7D027A = {
			isa = PBXGroup;
			children = (
				F805EE82976E3111E17DF964 /* SOSSpy */,
				770429A315CEF71EE49D8B06 /* SOSSpyTests */,
				0523717D3DFB14ACB45BA83D /* Products */,
			);
			sourceTree = "<group>";
		};
		C405F5F0283D2D8EACCAE8BC /* Core */ = {
			isa = PBXGroup;
			children = (
				873DC4867719DFBE7541B2F1 /* Engine */,
				E88727ED6199F8F3D004C3BA /* Services */,
			);
			path = Core;
			sourceTree = "<group>";
		};
		DC10528C10587BC5573BBEC7 /* Views */ = {
			isa = PBXGroup;
			children = (
				98A14ADF0EA10E6F934744CD /* ContentView.swift */,
			);
			path = Views;
			sourceTree = "<group>";
		};
		E88727ED6199F8F3D004C3BA /* Services */ = {
			isa = PBXGroup;
			children = (
				348FD99C1B20293D0A0641D7 /* Distance */,
				856C0DA92A173F78DA8E8155 /* EVRouting */,
			);
			path = Services;
			sourceTree = "<group>";
		};
		F805EE82976E3111E17DF964 /* SOSSpy */ = {
			isa = PBXGroup;
			children = (
				1424EF2098BCA97E12BAB02A /* SOSSpy.entitlements */,
				6191DBE42312E7484CD755CA /* SOSSpyApp.swift */,
				C405F5F0283D2D8EACCAE8BC /* Core */,
				56E317E1CDDC7B650BE534E8 /* Resources */,
				48793713CC8460AA197D2206 /* UI */,
				DC10528C10587BC5573BBEC7 /* Views */,
			);
			path = SOSSpy;
			sourceTree = "<group>";
		};
		FF14EE1AA8F984A904DFAFD1 /* Core */ = {
			isa = PBXGroup;
			children = (
				4899BFF2958FA21A81580AC7 /* Engine */,
			);
			path = Core;
			sourceTree = "<group>";
		};
/* End PBXGroup section */

/* Begin PBXNativeTarget section */
		128457036F3BC6EB2F153389 /* SOSSpy */ = {
			isa = PBXNativeTarget;
			buildConfigurationList = E606E281AA2723C6902FA16E /* Build configuration list for PBXNativeTarget "SOSSpy" */;
			buildPhases = (
				2C8F1EAB17E0EB2003189F48 /* Sources */,
				974ABB676475C56A2FD84240 /* Resources */,
			);
			buildRules = (
			);
			dependencies = (
			);
			name = SOSSpy;
			packageProductDependencies = (
			);
			productName = SOSSpy;
			productReference = 462D1C01E2E5FEBE0CADD5A4 /* SOSSpy.app */;
			productType = "com.apple.product-type.application";
		};
		A57D7D7ECEF18C1F875DBB6B /* SOSSpyTests */ = {
			isa = PBXNativeTarget;
			buildConfigurationList = 69B1A801A843867B86CB1940 /* Build configuration list for PBXNativeTarget "SOSSpyTests" */;
			buildPhases = (
				014A42CE63A3056CC3154C66 /* Sources */,
			);
			buildRules = (
			);
			dependencies = (
				512E5F821B7AEF2566AAD7B2 /* PBXTargetDependency */,
			);
			name = SOSSpyTests;
			packageProductDependencies = (
			);
			productName = SOSSpyTests;
			productReference = C97F472A6AC29DC647BCAEF4 /* SOSSpyTests.xctest */;
			productType = "com.apple.product-type.bundle.unit-test";
		};
/* End PBXNativeTarget section */

/* Begin PBXProject section */
		8586C92C6206D6B426B5CC2C /* Project object */ = {
			isa = PBXProject;
			attributes = {
				BuildIndependentTargetsInParallel = YES;
				LastUpgradeCheck = 1430;
			};
			buildConfigurationList = 0C597548BE18B74CCF41CA57 /* Build configuration list for PBXProject "SOSSpy" */;
			compatibilityVersion = "Xcode 14.0";
			developmentRegion = en;
			hasScannedForEncodings = 0;
			knownRegions = (
				Base,
				en,
			);
			mainGroup = BF43DEB1F13053A35A7D027A;
			minimizedProjectReferenceProxies = 1;
			preferredProjectObjectVersion = 77;
			projectDirPath = "";
			projectRoot = "";
			targets = (
				128457036F3BC6EB2F153389 /* SOSSpy */,
				A57D7D7ECEF18C1F875DBB6B /* SOSSpyTests */,
			);
		};
/* End PBXProject section */

/* Begin PBXResourcesBuildPhase section */
		974ABB676475C56A2FD84240 /* Resources */ = {
			isa = PBXResourcesBuildPhase;
			buildActionMask = 2147483647;
			files = (
				FE31E0A2AEFDF579B109B6E8 /* Assets.xcassets in Resources */,
			);
			runOnlyForDeploymentPostprocessing = 0;
		};
/* End PBXResourcesBuildPhase section */

/* Begin PBXSourcesBuildPhase section */
		014A42CE63A3056CC3154C66 /* Sources */ = {
			isa = PBXSourcesBuildPhase;
			buildActionMask = 2147483647;
			files = (
				9E5E93C03B62606B23234998 /* BatterySOSDetectorTests.swift in Sources */,
			);
			runOnlyForDeploymentPostprocessing = 0;
		};
		2C8F1EAB17E0EB2003189F48 /* Sources */ = {
			isa = PBXSourcesBuildPhase;
			buildActionMask = 2147483647;
			files = (
				9B4FA0A2A78954D17FC1302D /* BatterySOSDetector.swift in Sources */,
				0269E609BDE71271BE8C521C /* ContentView.swift in Sources */,
				0EF0A95997E9CE75A7949321 /* DistanceFromHomeService.swift in Sources */,
				FCC2A91C309690D37BD0F3B3 /* EVRoutingService.swift in Sources */,
				D63549CCC9F467CE782CA123 /* MockDistanceFromHomeService.swift in Sources */,
				EC0C1AD290D003BC78E65B44 /* MockEVRoutingService.swift in Sources */,
				0F6DC563E216E3413E5AD5CD /* RealDistanceFromHomeService.swift in Sources */,
				622B8940FF258E5EC074672E /* RealEVRoutingService.swift in Sources */,
				148C001E866CBDCAEDA7DE39 /* SOSScreen.swift in Sources */,
				485E3C039C96D9471018D1CF /* SOSSpyApp.swift in Sources */,
				F17B4A3B3B08E318FFD31460 /* SOSViewModel.swift in Sources */,
			);
			runOnlyForDeploymentPostprocessing = 0;
		};
/* End PBXSourcesBuildPhase section */

/* Begin PBXTargetDependency section */
		512E5F821B7AEF2566AAD7B2 /* PBXTargetDependency */ = {
			isa = PBXTargetDependency;
			target = 128457036F3BC6EB2F153389 /* SOSSpy */;
			targetProxy = 051DE1515771B57976F47D41 /* PBXContainerItemProxy */;
		};
/* End PBXTargetDependency section */

/* Begin XCBuildConfiguration section */
		0D4E9C816DA190F5E44D50F8 /* Release */ = {
			isa = XCBuildConfiguration;
			buildSettings = {
				ALWAYS_SEARCH_USER_PATHS = NO;
				CLANG_ANALYZER_NONNULL = YES;
				CLANG_ANALYZER_NUMBER_OBJECT_CONVERSION = YES_AGGRESSIVE;
				CLANG_CXX_LANGUAGE_STANDARD = "gnu++14";
				CLANG_CXX_LIBRARY = "libc++";
				CLANG_ENABLE_MODULES = YES;
				CLANG_ENABLE_OBJC_ARC = YES;
				CLANG_ENABLE_OBJC_WEAK = YES;
				CLANG_WARN_BLOCK_CAPTURE_AUTORELEASING = YES;
				CLANG_WARN_BOOL_CONVERSION = YES;
				CLANG_WARN_COMMA = YES;
				CLANG_WARN_CONSTANT_CONVERSION = YES;
				CLANG_WARN_DEPRECATED_OBJC_IMPLEMENTATIONS = YES;
				CLANG_WARN_DIRECT_OBJC_ISA_USAGE = YES_ERROR;
				CLANG_WARN_DOCUMENTATION_COMMENTS = YES;
				CLANG_WARN_EMPTY_BODY = YES;
				CLANG_WARN_ENUM_CONVERSION = YES;
				CLANG_WARN_INFINITE_RECURSION = YES;
				CLANG_WARN_INT_CONVERSION = YES;
				CLANG_WARN_NON_LITERAL_NULL_CONVERSION = YES;
				CLANG_WARN_OBJC_IMPLICIT_RETAIN_SELF = YES;
				CLANG_WARN_OBJC_LITERAL_CONVERSION = YES;
				CLANG_WARN_OBJC_ROOT_CLASS = YES_ERROR;
				CLANG_WARN_QUOTED_INCLUDE_IN_FRAMEWORK_HEADER = YES;
				CLANG_WARN_RANGE_LOOP_ANALYSIS = YES;
				CLANG_WARN_STRICT_PROTOTYPES = YES;
				CLANG_WARN_SUSPICIOUS_MOVE = YES;
				CLANG_WARN_UNGUARDED_AVAILABILITY = YES_AGGRESSIVE;
				CLANG_WARN_UNREACHABLE_CODE = YES;
				CLANG_WARN__DUPLICATE_METHOD_MATCH = YES;
				COPY_PHASE_STRIP = NO;
				DEBUG_INFORMATION_FORMAT = "dwarf-with-dsym";
				ENABLE_NS_ASSERTIONS = NO;
				ENABLE_STRICT_OBJC_MSGSEND = YES;
				GCC_C_LANGUAGE_STANDARD = gnu11;
				GCC_NO_COMMON_BLOCKS = YES;
				GCC_WARN_64_TO_32_BIT_CONVERSION = YES;
				GCC_WARN_ABOUT_RETURN_TYPE = YES_ERROR;
				GCC_WARN_UNDECLARED_SELECTOR = YES;
				GCC_WARN_UNINITIALIZED_AUTOS = YES_AGGRESSIVE;
				GCC_WARN_UNUSED_FUNCTION = YES;
				GCC_WARN_UNUSED_VARIABLE = YES;
				IPHONEOS_DEPLOYMENT_TARGET = 17.0;
				MTL_ENABLE_DEBUG_INFO = NO;
				MTL_FAST_MATH = YES;
				PRODUCT_NAME = "$(TARGET_NAME)";
				SDKROOT = iphoneos;
				SWIFT_COMPILATION_MODE = wholemodule;
				SWIFT_OPTIMIZATION_LEVEL = "-O";
				SWIFT_VERSION = 5.0;
			};
			name = Release;
		};
		15E68DAFF551CA1FFB346A55 /* Release */ = {
			isa = XCBuildConfiguration;
			buildSettings = {
				BUNDLE_LOADER = "$(TEST_HOST)";
				GENERATE_INFOPLIST_FILE = YES;
				LD_RUNPATH_SEARCH_PATHS = (
					"$(inherited)",
					"@executable_path/Frameworks",
					"@loader_path/Frameworks",
				);
				PRODUCT_BUNDLE_IDENTIFIER = com.chargetimer.prototype.SOSSpyTests;
				SDKROOT = iphoneos;
				SWIFT_VERSION = 6.0;
				TARGETED_DEVICE_FAMILY = "1,2";
				TEST_HOST = "$(BUILT_PRODUCTS_DIR)/SOSSpy.app/SOSSpy";
			};
			name = Release;
		};
		2BB3FB2C90CBA235C19CAA54 /* Debug */ = {
			isa = XCBuildConfiguration;
			buildSettings = {
				BUNDLE_LOADER = "$(TEST_HOST)";
				GENERATE_INFOPLIST_FILE = YES;
				LD_RUNPATH_SEARCH_PATHS = (
					"$(inherited)",
					"@executable_path/Frameworks",
					"@loader_path/Frameworks",
				);
				PRODUCT_BUNDLE_IDENTIFIER = com.chargetimer.prototype.SOSSpyTests;
				SDKROOT = iphoneos;
				SWIFT_VERSION = 6.0;
				TARGETED_DEVICE_FAMILY = "1,2";
				TEST_HOST = "$(BUILT_PRODUCTS_DIR)/SOSSpy.app/SOSSpy";
			};
			name = Debug;
		};
		9CBDE471EB6828A44B9D4690 /* Debug */ = {
			isa = XCBuildConfiguration;
			buildSettings = {
				ALWAYS_SEARCH_USER_PATHS = NO;
				CLANG_ANALYZER_NONNULL = YES;
				CLANG_ANALYZER_NUMBER_OBJECT_CONVERSION = YES_AGGRESSIVE;
				CLANG_CXX_LANGUAGE_STANDARD = "gnu++14";
				CLANG_CXX_LIBRARY = "libc++";
				CLANG_ENABLE_MODULES = YES;
				CLANG_ENABLE_OBJC_ARC = YES;
				CLANG_ENABLE_OBJC_WEAK = YES;
				CLANG_WARN_BLOCK_CAPTURE_AUTORELEASING = YES;
				CLANG_WARN_BOOL_CONVERSION = YES;
				CLANG_WARN_COMMA = YES;
				CLANG_WARN_CONSTANT_CONVERSION = YES;
				CLANG_WARN_DEPRECATED_OBJC_IMPLEMENTATIONS = YES;
				CLANG_WARN_DIRECT_OBJC_ISA_USAGE = YES_ERROR;
				CLANG_WARN_DOCUMENTATION_COMMENTS = YES;
				CLANG_WARN_EMPTY_BODY = YES;
				CLANG_WARN_ENUM_CONVERSION = YES;
				CLANG_WARN_INFINITE_RECURSION = YES;
				CLANG_WARN_INT_CONVERSION = YES;
				CLANG_WARN_NON_LITERAL_NULL_CONVERSION = YES;
				CLANG_WARN_OBJC_IMPLICIT_RETAIN_SELF = YES;
				CLANG_WARN_OBJC_LITERAL_CONVERSION = YES;
				CLANG_WARN_OBJC_ROOT_CLASS = YES_ERROR;
				CLANG_WARN_QUOTED_INCLUDE_IN_FRAMEWORK_HEADER = YES;
				CLANG_WARN_RANGE_LOOP_ANALYSIS = YES;
				CLANG_WARN_STRICT_PROTOTYPES = YES;
				CLANG_WARN_SUSPICIOUS_MOVE = YES;
				CLANG_WARN_UNGUARDED_AVAILABILITY = YES_AGGRESSIVE;
				CLANG_WARN_UNREACHABLE_CODE = YES;
				CLANG_WARN__DUPLICATE_METHOD_MATCH = YES;
				COPY_PHASE_STRIP = NO;
				DEBUG_INFORMATION_FORMAT = dwarf;
				ENABLE_STRICT_OBJC_MSGSEND = YES;
				ENABLE_TESTABILITY = YES;
				GCC_C_LANGUAGE_STANDARD = gnu11;
				GCC_DYNAMIC_NO_PIC = NO;
				GCC_NO_COMMON_BLOCKS = YES;
				GCC_OPTIMIZATION_LEVEL = 0;
				GCC_PREPROCESSOR_DEFINITIONS = (
					"$(inherited)",
					"DEBUG=1",
				);
				GCC_WARN_64_TO_32_BIT_CONVERSION = YES;
				GCC_WARN_ABOUT_RETURN_TYPE = YES_ERROR;
				GCC_WARN_UNDECLARED_SELECTOR = YES;
				GCC_WARN_UNINITIALIZED_AUTOS = YES_AGGRESSIVE;
				GCC_WARN_UNUSED_FUNCTION = YES;
				GCC_WARN_UNUSED_VARIABLE = YES;
				IPHONEOS_DEPLOYMENT_TARGET = 17.0;
				MTL_ENABLE_DEBUG_INFO = INCLUDE_SOURCE;
				MTL_FAST_MATH = YES;
				ONLY_ACTIVE_ARCH = YES;
				PRODUCT_NAME = "$(TARGET_NAME)";
				SDKROOT = iphoneos;
				SWIFT_ACTIVE_COMPILATION_CONDITIONS = DEBUG;
				SWIFT_OPTIMIZATION_LEVEL = "-Onone";
				SWIFT_VERSION = 5.0;
			};
			name = Debug;
		};
		CC2373EB297EDEA89E8F7EDE /* Debug */ = {
			isa = XCBuildConfiguration;
			buildSettings = {
				ASSETCATALOG_COMPILER_APPICON_NAME = AppIcon;
				ASSETCATALOG_COMPILER_GLOBAL_ACCENT_COLOR_NAME = AccentColor;
				CODE_SIGN_ENTITLEMENTS = SOSSpy/SOSSpy.entitlements;
				CODE_SIGN_IDENTITY = "iPhone Developer";
				CURRENT_PROJECT_VERSION = 1;
				GENERATE_INFOPLIST_FILE = YES;
				INFOPLIST_KEY_CFBundleDisplayName = SOSSpy;
				INFOPLIST_KEY_NSLocationWhenInUseUsageDescription = "SOSSpy needs your location to calculate distance to home and find nearby chargers in Battery SOS mode.";
				INFOPLIST_KEY_UIApplicationSceneManifest_Generation = YES;
				INFOPLIST_KEY_UIApplicationSupportsIndirectInputEvents = YES;
				INFOPLIST_KEY_UILaunchScreen_Generation = YES;
				INFOPLIST_KEY_UISupportedInterfaceOrientations_iPad = "UIInterfaceOrientationPortrait UIInterfaceOrientationPortraitUpsideDown UIInterfaceOrientationLandscapeLeft UIInterfaceOrientationLandscapeRight";
				INFOPLIST_KEY_UISupportedInterfaceOrientations_iPhone = "UIInterfaceOrientationPortrait UIInterfaceOrientationLandscapeLeft UIInterfaceOrientationLandscapeRight";
				LD_RUNPATH_SEARCH_PATHS = (
					"$(inherited)",
					"@executable_path/Frameworks",
				);
				MARKETING_VERSION = 1.0;
				PRODUCT_BUNDLE_IDENTIFIER = com.chargetimer.prototype.SOSSpy;
				SDKROOT = iphoneos;
				SWIFT_VERSION = 6.0;
				TARGETED_DEVICE_FAMILY = "1,2";
			};
			name = Debug;
		};
		D43F9055326599BA9DB586E7 /* Release */ = {
			isa = XCBuildConfiguration;
			buildSettings = {
				ASSETCATALOG_COMPILER_APPICON_NAME = AppIcon;
				ASSETCATALOG_COMPILER_GLOBAL_ACCENT_COLOR_NAME = AccentColor;
				CODE_SIGN_ENTITLEMENTS = SOSSpy/SOSSpy.entitlements;
				CODE_SIGN_IDENTITY = "iPhone Developer";
				CURRENT_PROJECT_VERSION = 1;
				GENERATE_INFOPLIST_FILE = YES;
				INFOPLIST_KEY_CFBundleDisplayName = SOSSpy;
				INFOPLIST_KEY_NSLocationWhenInUseUsageDescription = "SOSSpy needs your location to calculate distance to home and find nearby chargers in Battery SOS mode.";
				INFOPLIST_KEY_UIApplicationSceneManifest_Generation = YES;
				INFOPLIST_KEY_UIApplicationSupportsIndirectInputEvents = YES;
				INFOPLIST_KEY_UILaunchScreen_Generation = YES;
				INFOPLIST_KEY_UISupportedInterfaceOrientations_iPad = "UIInterfaceOrientationPortrait UIInterfaceOrientationPortraitUpsideDown UIInterfaceOrientationLandscapeLeft UIInterfaceOrientationLandscapeRight";
				INFOPLIST_KEY_UISupportedInterfaceOrientations_iPhone = "UIInterfaceOrientationPortrait UIInterfaceOrientationLandscapeLeft UIInterfaceOrientationLandscapeRight";
				LD_RUNPATH_SEARCH_PATHS = (
					"$(inherited)",
					"@executable_path/Frameworks",
				);
				MARKETING_VERSION = 1.0;
				PRODUCT_BUNDLE_IDENTIFIER = com.chargetimer.prototype.SOSSpy;
				SDKROOT = iphoneos;
				SWIFT_VERSION = 6.0;
				TARGETED_DEVICE_FAMILY = "1,2";
			};
			name = Release;
		};
/* End XCBuildConfiguration section */

/* Begin XCConfigurationList section */
		0C597548BE18B74CCF41CA57 /* Build configuration list for PBXProject "SOSSpy" */ = {
			isa = XCConfigurationList;
			buildConfigurations = (
				9CBDE471EB6828A44B9D4690 /* Debug */,
				0D4E9C816DA190F5E44D50F8 /* Release */,
			);
			defaultConfigurationIsVisible = 0;
			defaultConfigurationName = Debug;
		};
		69B1A801A843867B86CB1940 /* Build configuration list for PBXNativeTarget "SOSSpyTests" */ = {
			isa = XCConfigurationList;
			buildConfigurations = (
				2BB3FB2C90CBA235C19CAA54 /* Debug */,
				15E68DAFF551CA1FFB346A55 /* Release */,
			);
			defaultConfigurationIsVisible = 0;
			defaultConfigurationName = Debug;
		};
		E606E281AA2723C6902FA16E /* Build configuration list for PBXNativeTarget "SOSSpy" */ = {
			isa = XCConfigurationList;
			buildConfigurations = (
				CC2373EB297EDEA89E8F7EDE /* Debug */,
				D43F9055326599BA9DB586E7 /* Release */,
			);
			defaultConfigurationIsVisible = 0;
			defaultConfigurationName = Debug;
		};
/* End XCConfigurationList section */
	};
	rootObject = 8586C92C6206D6B426B5CC2C /* Project object */;
}
